{
  "name": "stencil-css-in-js",
  "version": "0.0.1",
  "lockfileVersion": 1,
  "requires": true,
  "dependencies": {
    "@babel/runtime": {
      "version": "7.8.3",
      "resolved": "https://registry.npmjs.org/@babel/runtime/-/runtime-7.8.3.tgz",
      "integrity": "sha512-fVHx1rzEmwB130VTkLnxR+HmxcTjGzH12LYQcFFoBwakMd3aOMD4OsRN7tGG/UOYE2ektgFrS8uACAoRk1CY0w==",
      "requires": {
        "regenerator-runtime": "^0.13.2"
      }
    },
    "@stencil/core": {
      "version": "1.2.0",
      "resolved": "https://registry.npmjs.org/@stencil/core/-/core-1.2.0.tgz",
      "integrity": "sha512-ah2fZFb9k6NjmJ6Wh9OkEurPPz/fbK7F0cO21eJqTEb2tEPhwKBPbxdHqbCAHTWBl+jIKnEJMRRj5ri06wy5PQ==",
      "dev": true,
      "requires": {
        "typescript": "3.5.3"
      },
      "dependencies": {
        "typescript": {
          "version": "3.5.3",
          "resolved": "https://registry.npmjs.org/typescript/-/typescript-3.5.3.tgz",
          "integrity": "sha512-ACzBtm/PhXBDId6a6sDJfroT2pOWt/oOnk4/dElG5G33ZL776N3Y6/6bKZJBFpd+b05F3Ct9qDjMeJmRWtE2/g==",
          "dev": true
        }
      }
    },
    "css-vendor": {
      "version": "2.0.7",
      "resolved": "https://registry.npmjs.org/css-vendor/-/css-vendor-2.0.7.tgz",
      "integrity": "sha512-VS9Rjt79+p7M0WkPqcAza4Yq1ZHrsHrwf7hPL/bjQB+c1lwmAI+1FXxYTYt818D/50fFVflw0XKleiBN5RITkg==",
      "requires": {
        "@babel/runtime": "^7.6.2",
        "is-in-browser": "^1.0.2"
      }
    },
    "csstype": {
      "version": "2.6.8",
      "resolved": "https://registry.npmjs.org/csstype/-/csstype-2.6.8.tgz",
      "integrity": "sha512-msVS9qTuMT5zwAGCVm4mxfrZ18BNc6Csd0oJAtiFMZ1FAx1CCvy2+5MDmYoix63LM/6NDbNtodCiGYGmFgO0dA=="
    },
    "hyphenate-style-name": {
      "version": "1.0.3",
      "resolved": "https://registry.npmjs.org/hyphenate-style-name/-/hyphenate-style-name-1.0.3.tgz",
      "integrity": "sha512-EcuixamT82oplpoJ2XU4pDtKGWQ7b00CD9f1ug9IaQ3p1bkHMiKCZ9ut9QDI6qsa6cpUuB+A/I+zLtdNK4n2DQ=="
    },
    "is-in-browser": {
      "version": "1.1.3",
      "resolved": "https://registry.npmjs.org/is-in-browser/-/is-in-browser-1.1.3.tgz",
      "integrity": "sha1-Vv9NtoOgeMYILrldrX3GLh0E+DU="
    },
    "jss": {
      "version": "10.0.3",
      "resolved": "https://registry.npmjs.org/jss/-/jss-10.0.3.tgz",
      "integrity": "sha512-AcDvFdOk16If9qvC9KN3oFXsrkHWM9+TaPMpVB9orm3z+nq1Xw3ofHyflRe/mkSucRZnaQtlhZs1hdP3DR9uRw==",
      "requires": {
        "@babel/runtime": "^7.3.1",
        "csstype": "^2.6.5",
        "is-in-browser": "^1.1.3",
        "tiny-warning": "^1.0.2"
      }
    },
    "jss-plugin-camel-case": {
      "version": "10.0.3",
      "resolved": "https://registry.npmjs.org/jss-plugin-camel-case/-/jss-plugin-camel-case-10.0.3.tgz",
      "integrity": "sha512-rild/oFKFkmRP7AoiX9D6bdDAUfmJv8c7sEBvFoi+JP31dn2W8nw4txMKGnV1LJKlFkYprdZt1X99Uvztl1hug==",
      "requires": {
        "@babel/runtime": "^7.3.1",
        "hyphenate-style-name": "^1.0.3",
        "jss": "^10.0.3"
      }
    },
    "jss-plugin-compose": {
      "version": "10.0.3",
      "resolved": "https://registry.npmjs.org/jss-plugin-compose/-/jss-plugin-compose-10.0.3.tgz",
      "integrity": "sha512-S3mwXjWGlW8EynxGvEqEa/O3S4FOv1rcSs5/z6HjbgR85iBx2xZ0NlJBjyfqyR3uqsv2eCXkiwyE6LvC4+3YEg==",
      "requires": {
        "@babel/runtime": "^7.3.1",
        "jss": "^10.0.3",
        "tiny-warning": "^1.0.2"
      }
    },
    "jss-plugin-default-unit": {
      "version": "10.0.3",
      "resolved": "https://registry.npmjs.org/jss-plugin-default-unit/-/jss-plugin-default-unit-10.0.3.tgz",
      "integrity": "sha512-n+XfVLPF9Qh7IOTdQ8M4oRpjpg6egjr/r0NNytubbCafMgCILJYIVrMTGgOTydH+uvak8onQY3f/F9hasPUx6g==",
      "requires": {
        "@babel/runtime": "^7.3.1",
        "jss": "^10.0.3"
      }
    },
    "jss-plugin-expand": {
      "version": "10.0.3",
      "resolved": "https://registry.npmjs.org/jss-plugin-expand/-/jss-plugin-expand-10.0.3.tgz",
      "integrity": "sha512-FpkgQs+jOgBthRRDUIyCJoFM7XQei4l+Nuf9DZbSgZkYju8lA0tPBKLGfO1G8qY3jQM3SwbnL1QFl9QMI9rvog==",
      "requires": {
        "@babel/runtime": "^7.3.1",
        "jss": "^10.0.3"
      }
    },
    "jss-plugin-extend": {
      "version": "10.0.3",
      "resolved": "https://registry.npmjs.org/jss-plugin-extend/-/jss-plugin-extend-10.0.3.tgz",
      "integrity": "sha512-pLVyOutTGpDDq865ICFUvWpXeMqqva78RjwM3ecFMRcrpt51EsgHs8+2mJtPHfx66GRxXBImqIWQ/VyDgJcyFA==",
      "requires": {
        "@babel/runtime": "^7.3.1",
        "jss": "^10.0.3",
        "tiny-warning": "^1.0.2"
      }
    },
    "jss-plugin-global": {
      "version": "10.0.3",
      "resolved": "https://registry.npmjs.org/jss-plugin-global/-/jss-plugin-global-10.0.3.tgz",
      "integrity": "sha512-kNotkAciJIXpIGYnmueaIifBne9rdq31O8Xq1nF7KMfKlskNRANTcEX5rVnsGKl2yubTMYfjKBFCeDgcQn6+gA==",
      "requires": {
        "@babel/runtime": "^7.3.1",
        "jss": "^10.0.3"
      }
    },
    "jss-plugin-nested": {
      "version": "10.0.3",
      "resolved": "https://registry.npmjs.org/jss-plugin-nested/-/jss-plugin-nested-10.0.3.tgz",
      "integrity": "sha512-OMucRs9YLvWlZ3Ew+VhdgNVMwSS2zZy/2vy+s/etvopnPUzDHgCnJwdY2Wx/SlhLGERJeKKufyih2seH+ui0iw==",
      "requires": {
        "@babel/runtime": "^7.3.1",
        "jss": "^10.0.3",
        "tiny-warning": "^1.0.2"
      }
    },
    "jss-plugin-props-sort": {
      "version": "10.0.3",
      "resolved": "https://registry.npmjs.org/jss-plugin-props-sort/-/jss-plugin-props-sort-10.0.3.tgz",
      "integrity": "sha512-ufhvdCMnRcDa0tNHoZ12OcVNQQyE10yLMohxo/UIMarLV245rM6n9D19A12epjldRgyiS13SoSyLFCJEobprYg==",
      "requires": {
        "@babel/runtime": "^7.3.1",
        "jss": "^10.0.3"
      }
    },
    "jss-plugin-rule-value-function": {
      "version": "10.0.3",
      "resolved": "https://registry.npmjs.org/jss-plugin-rule-value-function/-/jss-plugin-rule-value-function-10.0.3.tgz",
      "integrity": "sha512-RWwIT2UBAIwf3f6DQtt5gyjxHMRJoeO9TQku+ueR8dBMakqSSe8vFwQNfjXEoe0W+Tez5HZCTkZKNMulv3Z+9A==",
      "requires": {
        "@babel/runtime": "^7.3.1",
        "jss": "^10.0.3"
      }
    },
    "jss-plugin-rule-value-observable": {
      "version": "10.0.3",
      "resolved": "https://registry.npmjs.org/jss-plugin-rule-value-observable/-/jss-plugin-rule-value-observable-10.0.3.tgz",
      "integrity": "sha512-xtB7+HMfCP8QqeSu/hcaGD1oAj6lb6d5tYw4GUp2D3z+Nwy2me1FHBTJTqt9kPQStoOzSflxKD7aqyYZ8VTKtQ==",
      "requires": {
        "@babel/runtime": "^7.3.1",
        "jss": "^10.0.3",
        "symbol-observable": "^1.2.0"
      }
    },
    "jss-plugin-template": {
      "version": "10.0.3",
      "resolved": "https://registry.npmjs.org/jss-plugin-template/-/jss-plugin-template-10.0.3.tgz",
      "integrity": "sha512-O+u+mO0jlcGqIknKZ6TJadQFH6yWrB9eoif6et0tuzo7zUlqRI2M3ANKrytqV1iWDHSk5K0NmbhaiPv0NWXFNQ==",
      "requires": {
        "@babel/runtime": "^7.3.1",
        "jss": "^10.0.3",
        "tiny-warning": "^1.0.2"
      }
    },
    "jss-plugin-vendor-prefixer": {
      "version": "10.0.3",
      "resolved": "https://registry.npmjs.org/jss-plugin-vendor-prefixer/-/jss-plugin-vendor-prefixer-10.0.3.tgz",
      "integrity": "sha512-zVs6e5z4tFRK/fJ5kuTLzXlTFQbLeFTVwk7lTZiYNufmZwKT0kSmnOJDUukcSe7JLGSRztjWhnHB/6voP174gw==",
      "requires": {
        "@babel/runtime": "^7.3.1",
        "css-vendor": "^2.0.7",
        "jss": "^10.0.3"
      }
    },
    "jss-preset-default": {
      "version": "10.0.3",
      "resolved": "https://registry.npmjs.org/jss-preset-default/-/jss-preset-default-10.0.3.tgz",
      "integrity": "sha512-xGTs5r1jstNNzj+gPkgnwxQWTQTrTKiLKPgXYkAtHrzn/oiQSKbZNq8l8k5obNscZa3vOnDAJQn8sXiaUolCCw==",
      "requires": {
        "@babel/runtime": "^7.3.1",
        "jss": "^10.0.3",
        "jss-plugin-camel-case": "^10.0.3",
        "jss-plugin-compose": "^10.0.3",
        "jss-plugin-default-unit": "^10.0.3",
        "jss-plugin-expand": "^10.0.3",
        "jss-plugin-extend": "^10.0.3",
        "jss-plugin-global": "^10.0.3",
        "jss-plugin-nested": "^10.0.3",
        "jss-plugin-props-sort": "^10.0.3",
        "jss-plugin-rule-value-function": "^10.0.3",
        "jss-plugin-rule-value-observable": "^10.0.3",
        "jss-plugin-template": "^10.0.3",
        "jss-plugin-vendor-prefixer": "^10.0.3"
      }
    },
    "regenerator-runtime": {
      "version": "0.13.3",
      "resolved": "https://registry.npmjs.org/regenerator-runtime/-/regenerator-runtime-0.13.3.tgz",
      "integrity": "sha512-naKIZz2GQ8JWh///G7L3X6LaQUAMp2lvb1rvwwsURe/VXwD6VMfr+/1NuNw3ag8v2kY1aQ/go5SNn79O9JU7yw=="
    },
    "symbol-observable": {
      "version": "1.2.0",
      "resolved": "https://registry.npmjs.org/symbol-observable/-/symbol-observable-1.2.0.tgz",
      "integrity": "sha512-e900nM8RRtGhlV36KGEU9k65K3mPb1WV70OdjfxlG2EAuM1noi/E/BaW/uMhL7bPEssK8QV57vN3esixjUvcXQ=="
    },
    "tiny-warning": {
      "version": "1.0.3",
      "resolved": "https://registry.npmjs.org/tiny-warning/-/tiny-warning-1.0.3.tgz",
      "integrity": "sha512-lBN9zLN/oAf68o3zNXYrdCt1kP8WsiGW8Oo2ka41b2IM5JL/S1CTyX1rW0mb/zSuJun0ZUrDxx4sqvYS2FWzPA=="
    },
    "typescript": {
      "version": "3.7.2",
      "resolved": "https://registry.npmjs.org/typescript/-/typescript-3.7.2.tgz",
      "integrity": "sha512-ml7V7JfiN2Xwvcer+XAf2csGO1bPBdRbFCkYBczNZggrBZ9c7G3riSUeJmqEU5uOtXNPMhE3n+R4FA/3YOAWOQ==",
      "dev": true
    }
  }
}
